// !$*UTF8*$!
{
	archiveVersion = 1;
	classes = {
	};
	objectVersion = 77;
	objects = {

/* Begin PBXBuildFile section */
		DF1234561B /* VibesApp.swift in Sources */ = {isa = PBXBuildFile; fileRef = DF1234561 /* VibesApp.swift */; };
		DF1234562B /* AlbumDetailView.swift in Sources */ = {isa = PBXBuildFile; fileRef = DF1234562 /* AlbumDetailView.swift */; };
		DF1234563B /* AuthorizationView.swift in Sources */ = {isa = PBXBuildFile; fileRef = DF1234563 /* AuthorizationView.swift */; };
		DF1234564B /* WelcomeView.swift in Sources */ = {isa = PBXBuildFile; fileRef = DF1234564 /* WelcomeView.swift */; };
		DF1234565B /* ImmersiveView.swift in Sources */ = {isa = PBXBuildFile; fileRef = DF1234565 /* ImmersiveView.swift */; };
		DF1234566B /* Gallery.swift in Sources */ = {isa = PBXBuildFile; fileRef = DF1234566 /* Gallery.swift */; };
		DF1234567B /* ContentView.swift in Sources */ = {isa = PBXBuildFile; fileRef = DF1234567 /* ContentView.swift */; };
		DF1234568B /* LoadingView.swift in Sources */ = {isa = PBXBuildFile; fileRef = DF1234568 /* LoadingView.swift */; };
		DF1234569B /* AlbumModels.swift in Sources */ = {isa = PBXBuildFile; fileRef = DF1234569 /* AlbumModels.swift */; };
		DF1234570B /* ImmersiveSpaceState.swift in Sources */ = {isa = PBXBuildFile; fileRef = DF1234570 /* ImmersiveSpaceState.swift */; };
		DF1234571B /* AudioAnalyzer.swift in Sources */ = {isa = PBXBuildFile; fileRef = DF1234571 /* AudioAnalyzer.swift */; };
		DF1234574B /* FadeComponent.swift in Sources */ = {isa = PBXBuildFile; fileRef = DF1234574 /* FadeComponent.swift */; };
		DF1234575B /* ScrollComponent.swift in Sources */ = {isa = PBXBuildFile; fileRef = DF1234575 /* ScrollComponent.swift */; };
		DF1234576B /* MusicKitWrappers.swift in Sources */ = {isa = PBXBuildFile; fileRef = DF1234576 /* MusicKitWrappers.swift */; };
		DF1234577B /* PulsarSymphony+Debug.swift in Sources */ = {isa = PBXBuildFile; fileRef = DF1234577 /* PulsarSymphony+Debug.swift */; };
		DF1234578B /* PulsarSymphony+Subscription.swift in Sources */ = {isa = PBXBuildFile; fileRef = DF1234578 /* PulsarSymphony+Subscription.swift */; };
		DF1234580B /* PulsarSymphony+Albums.swift in Sources */ = {isa = PBXBuildFile; fileRef = DF1234580 /* PulsarSymphony+Albums.swift */; };
		DF1234581B /* PulsarSymphony.swift in Sources */ = {isa = PBXBuildFile; fileRef = DF1234581 /* PulsarSymphony.swift */; };
		DF1234582B /* PulsarSymphony+Pagination.swift in Sources */ = {isa = PBXBuildFile; fileRef = DF1234582 /* PulsarSymphony+Pagination.swift */; };
		DF1234583B /* WelcomeSpace.swift in Sources */ = {isa = PBXBuildFile; fileRef = DF1234583 /* WelcomeSpace.swift */; };
		DF1234584B /* PreviewMocks.swift in Sources */ = {isa = PBXBuildFile; fileRef = DF1234584 /* PreviewMocks.swift */; };
		DF45150C2D05101C005AFB45 /* RealityKitContent in Frameworks */ = {isa = PBXBuildFile; productRef = DF45150B2D05101C005AFB45 /* RealityKitContent */; };
		DFD632CE2D056B350092D46B /* AetherSmokeEffect.swift in Sources */ = {isa = PBXBuildFile; fileRef = DFD632CA2D056B350092D46B /* AetherSmokeEffect.swift */; };
		DFD632CF2D056B350092D46B /* AetherSparklesEffect.swift in Sources */ = {isa = PBXBuildFile; fileRef = DFD632CB2D056B350092D46B /* AetherSparklesEffect.swift */; };
		DFD632D02D056B350092D46B /* AetherParticles.swift in Sources */ = {isa = PBXBuildFile; fileRef = DFD632BF2D056B350092D46B /* AetherParticles.swift */; };
		DFD632D12D056B350092D46B /* AetherFirefliesEffect.swift in Sources */ = {isa = PBXBuildFile; fileRef = DFD632C62D056B350092D46B /* AetherFirefliesEffect.swift */; };
		DFD632D22D056B350092D46B /* AetherSystem.swift in Sources */ = {isa = PBXBuildFile; fileRef = DFD632BD2D056B350092D46B /* AetherSystem.swift */; };
		DFD632D32D056B350092D46B /* AetherGalaxySplitEffect.swift in Sources */ = {isa = PBXBuildFile; fileRef = DFD632C82D056B350092D46B /* AetherGalaxySplitEffect.swift */; };
		DFD632D42D056B350092D46B /* AetherRainEffect.swift in Sources */ = {isa = PBXBuildFile; fileRef = DFD632C92D056B350092D46B /* AetherRainEffect.swift */; };
		DFD632D62D056B350092D46B /* AetherParticleTypes.swift in Sources */ = {isa = PBXBuildFile; fileRef = DFD632C22D056B350092D46B /* AetherParticleTypes.swift */; };
		DFD632D72D056B350092D46B /* AetherParticlesView.swift in Sources */ = {isa = PBXBuildFile; fileRef = DFD632C02D056B350092D46B /* AetherParticlesView.swift */; };
		DFD632D82D056B350092D46B /* AetherWelcomeAnimation.swift in Sources */ = {isa = PBXBuildFile; fileRef = DFD632C42D056B350092D46B /* AetherWelcomeAnimation.swift */; };
		DFD632D92D056B350092D46B /* AetherGalaxyEffect.swift in Sources */ = {isa = PBXBuildFile; fileRef = DFD632C72D056B350092D46B /* AetherGalaxyEffect.swift */; };
		DFD632DC2D0576F60092D46B /* RealityKitContent in Frameworks */ = {isa = PBXBuildFile; productRef = DFD632DB2D0576F60092D46B /* RealityKitContent */; };
		DFD632E02D056B350092D46B /* PulseSystem.swift in Sources */ = {isa = PBXBuildFile; fileRef = DFD632E12D056B350092D46B /* PulseSystem.swift */; };
		DFD632E22D056B350092D46B /* PulseComponent.swift in Sources */ = {isa = PBXBuildFile; fileRef = DFD632E32D056B350092D46B /* PulseComponent.swift */; };
		DFD632E42D056B350092D46B /* NexusSystem.swift in Sources */ = {isa = PBXBuildFile; fileRef = DFD632E52D056B350092D46B /* NexusSystem.swift */; };
		DFD632E62D056B350092D46B /* PulseConfiguration.swift in Sources */ = {isa = PBXBuildFile; fileRef = DFD632E72D056B350092D46B /* PulseConfiguration.swift */; };
		DFD632E82D056B350092D46B /* NexusComponent.swift in Sources */ = {isa = PBXBuildFile; fileRef = DFD632E92D056B350092D46B /* NexusComponent.swift */; };
/* End PBXBuildFile section */

/* Begin PBXFileReference section */
		DF1234561 /* VibesApp.swift */ = {isa = PBXFileReference; lastKnownFileType = sourcecode.swift; path = VibesApp.swift; sourceTree = "<group>"; };
		DF1234562 /* AlbumDetailView.swift */ = {isa = PBXFileReference; lastKnownFileType = sourcecode.swift; path = AlbumDetailView.swift; sourceTree = "<group>"; };
		DF1234563 /* AuthorizationView.swift */ = {isa = PBXFileReference; lastKnownFileType = sourcecode.swift; path = AuthorizationView.swift; sourceTree = "<group>"; };
		DF1234564 /* WelcomeView.swift */ = {isa = PBXFileReference; lastKnownFileType = sourcecode.swift; path = WelcomeView.swift; sourceTree = "<group>"; };
		DF1234565 /* ImmersiveView.swift */ = {isa = PBXFileReference; lastKnownFileType = sourcecode.swift; path = ImmersiveView.swift; sourceTree = "<group>"; };
		DF1234566 /* Gallery.swift */ = {isa = PBXFileReference; lastKnownFileType = sourcecode.swift; path = Gallery.swift; sourceTree = "<group>"; };
		DF1234567 /* ContentView.swift */ = {isa = PBXFileReference; lastKnownFileType = sourcecode.swift; path = ContentView.swift; sourceTree = "<group>"; };
		DF1234568 /* LoadingView.swift */ = {isa = PBXFileReference; lastKnownFileType = sourcecode.swift; path = LoadingView.swift; sourceTree = "<group>"; };
		DF1234569 /* AlbumModels.swift */ = {isa = PBXFileReference; lastKnownFileType = sourcecode.swift; path = AlbumModels.swift; sourceTree = "<group>"; };
		DF1234570 /* ImmersiveSpaceState.swift */ = {isa = PBXFileReference; lastKnownFileType = sourcecode.swift; path = ImmersiveSpaceState.swift; sourceTree = "<group>"; };
		DF1234571 /* AudioAnalyzer.swift */ = {isa = PBXFileReference; lastKnownFileType = sourcecode.swift; path = AudioAnalyzer.swift; sourceTree = "<group>"; };
		DF1234574 /* FadeComponent.swift */ = {isa = PBXFileReference; lastKnownFileType = sourcecode.swift; path = FadeComponent.swift; sourceTree = "<group>"; };
		DF1234575 /* ScrollComponent.swift */ = {isa = PBXFileReference; lastKnownFileType = sourcecode.swift; path = ScrollComponent.swift; sourceTree = "<group>"; };
		DF1234576 /* MusicKitWrappers.swift */ = {isa = PBXFileReference; lastKnownFileType = sourcecode.swift; path = MusicKitWrappers.swift; sourceTree = "<group>"; };
		DF1234577 /* PulsarSymphony+Debug.swift */ = {isa = PBXFileReference; lastKnownFileType = sourcecode.swift; path = "PulsarSymphony+Debug.swift"; sourceTree = "<group>"; };
		DF1234578 /* PulsarSymphony+Subscription.swift */ = {isa = PBXFileReference; lastKnownFileType = sourcecode.swift; path = "PulsarSymphony+Subscription.swift"; sourceTree = "<group>"; };
		DF1234580 /* PulsarSymphony+Albums.swift */ = {isa = PBXFileReference; lastKnownFileType = sourcecode.swift; path = "PulsarSymphony+Albums.swift"; sourceTree = "<group>"; };
		DF1234581 /* PulsarSymphony.swift */ = {isa = PBXFileReference; lastKnownFileType = sourcecode.swift; path = PulsarSymphony.swift; sourceTree = "<group>"; };
		DF1234582 /* PulsarSymphony+Pagination.swift */ = {isa = PBXFileReference; lastKnownFileType = sourcecode.swift; path = "PulsarSymphony+Pagination.swift"; sourceTree = "<group>"; };
		DF1234583 /* WelcomeSpace.swift */ = {isa = PBXFileReference; lastKnownFileType = sourcecode.swift; path = WelcomeSpace.swift; sourceTree = "<group>"; };
		DF1234584 /* PreviewMocks.swift */ = {isa = PBXFileReference; lastKnownFileType = sourcecode.swift; path = PreviewMocks.swift; sourceTree = "<group>"; };
		DF4515062D05101C005AFB45 /* Vibes.app */ = {isa = PBXFileReference; explicitFileType = wrapper.application; includeInIndex = 0; path = Vibes.app; sourceTree = BUILT_PRODUCTS_DIR; };
		DFD632BD2D056B350092D46B /* AetherSystem.swift */ = {isa = PBXFileReference; lastKnownFileType = sourcecode.swift; path = AetherSystem.swift; sourceTree = "<group>"; };
		DFD632BF2D056B350092D46B /* AetherParticles.swift */ = {isa = PBXFileReference; lastKnownFileType = sourcecode.swift; path = AetherParticles.swift; sourceTree = "<group>"; };
		DFD632C02D056B350092D46B /* AetherParticlesView.swift */ = {isa = PBXFileReference; lastKnownFileType = sourcecode.swift; path = AetherParticlesView.swift; sourceTree = "<group>"; };
		DFD632C22D056B350092D46B /* AetherParticleTypes.swift */ = {isa = PBXFileReference; lastKnownFileType = sourcecode.swift; path = AetherParticleTypes.swift; sourceTree = "<group>"; };
		DFD632C42D056B350092D46B /* AetherWelcomeAnimation.swift */ = {isa = PBXFileReference; lastKnownFileType = sourcecode.swift; path = AetherWelcomeAnimation.swift; sourceTree = "<group>"; };
		DFD632C62D056B350092D46B /* AetherFirefliesEffect.swift */ = {isa = PBXFileReference; lastKnownFileType = sourcecode.swift; path = AetherFirefliesEffect.swift; sourceTree = "<group>"; };
		DFD632C72D056B350092D46B /* AetherGalaxyEffect.swift */ = {isa = PBXFileReference; lastKnownFileType = sourcecode.swift; path = AetherGalaxyEffect.swift; sourceTree = "<group>"; };
		DFD632C82D056B350092D46B /* AetherGalaxySplitEffect.swift */ = {isa = PBXFileReference; lastKnownFileType = sourcecode.swift; path = AetherGalaxySplitEffect.swift; sourceTree = "<group>"; };
		DFD632C92D056B350092D46B /* AetherRainEffect.swift */ = {isa = PBXFileReference; lastKnownFileType = sourcecode.swift; path = AetherRainEffect.swift; sourceTree = "<group>"; };
		DFD632CA2D056B350092D46B /* AetherSmokeEffect.swift */ = {isa = PBXFileReference; lastKnownFileType = sourcecode.swift; path = AetherSmokeEffect.swift; sourceTree = "<group>"; };
		DFD632CB2D056B350092D46B /* AetherSparklesEffect.swift */ = {isa = PBXFileReference; lastKnownFileType = sourcecode.swift; path = AetherSparklesEffect.swift; sourceTree = "<group>"; };
		DFD632E12D056B350092D46B /* PulseSystem.swift */ = {isa = PBXFileReference; lastKnownFileType = sourcecode.swift; path = PulseSystem.swift; sourceTree = "<group>"; };
		DFD632E32D056B350092D46B /* PulseComponent.swift */ = {isa = PBXFileReference; lastKnownFileType = sourcecode.swift; path = PulseComponent.swift; sourceTree = "<group>"; };
		DFD632E52D056B350092D46B /* NexusSystem.swift */ = {isa = PBXFileReference; lastKnownFileType = sourcecode.swift; path = NexusSystem.swift; sourceTree = "<group>"; };
		DFD632E72D056B350092D46B /* PulseConfiguration.swift */ = {isa = PBXFileReference; lastKnownFileType = sourcecode.swift; path = PulseConfiguration.swift; sourceTree = "<group>"; };
		DFD632E92D056B350092D46B /* NexusComponent.swift */ = {isa = PBXFileReference; lastKnownFileType = sourcecode.swift; path = NexusComponent.swift; sourceTree = "<group>"; };
/* End PBXFileReference section */

/* Begin PBXFrameworksBuildPhase section */
		DF4515032D05101C005AFB45 /* Frameworks */ = {
			isa = PBXFrameworksBuildPhase;
			buildActionMask = 2147483647;
			files = (
				DFD632DC2D0576F60092D46B /* RealityKitContent in Frameworks */,
				DF45150C2D05101C005AFB45 /* RealityKitContent in Frameworks */,
			);
			runOnlyForDeploymentPostprocessing = 0;
		};
/* End PBXFrameworksBuildPhase section */

/* Begin PBXGroup section */
		DF4514FD2D05101C005AFB45 = {
			isa = PBXGroup;
			children = (
				DF4515082D05101C005AFB45 /* Vibes */,
				DF4515092D05101C005AFB45 /* Packages */,
				DF4515072D05101C005AFB45 /* Products */,
			);
			sourceTree = "<group>";
		};
		DF4515072D05101C005AFB45 /* Products */ = {
			isa = PBXGroup;
			children = (
				DF4515062D05101C005AFB45 /* Vibes.app */,
			);
			name = Products;
			sourceTree = "<group>";
		};
		DF4515082D05101C005AFB45 /* Vibes */ = {
			isa = PBXGroup;
			children = (
				DF1234561 /* VibesApp.swift */,
				DF4515102D05101C005AFB45 /* Views */,
				DF4515112D05101C005AFB45 /* Models */,
				DF4515122D05101C005AFB45 /* Components */,
				DF4515132D05101C005AFB45 /* Modules */,
				DF4515142D05101C005AFB45 /* Spaces */,
				DF4515152D05101C005AFB45 /* Preview Content */,
			);
			path = Vibes;
			sourceTree = "<group>";
		};
		DF4515092D05101C005AFB45 /* Packages */ = {
			isa = PBXGroup;
			children = (
			);
			path = Packages;
			sourceTree = "<group>";
		};
		DF4515102D05101C005AFB45 /* Views */ = {
			isa = PBXGroup;
			children = (
				DF1234562 /* AlbumDetailView.swift */,
				DF1234563 /* AuthorizationView.swift */,
				DF1234564 /* WelcomeView.swift */,
				DF1234565 /* ImmersiveView.swift */,
				DF1234566 /* Gallery.swift */,
				DF1234567 /* ContentView.swift */,
				DF1234568 /* LoadingView.swift */,
			);
			path = Views;
			sourceTree = "<group>";
		};
		DF4515112D05101C005AFB45 /* Models */ = {
			isa = PBXGroup;
			children = (
				DF1234569 /* AlbumModels.swift */,
				DF1234570 /* ImmersiveSpaceState.swift */,
				DF1234571 /* AudioAnalyzer.swift */,
			);
			path = Models;
			sourceTree = "<group>";
		};
		DF4515122D05101C005AFB45 /* Components */ = {
			isa = PBXGroup;
			children = (
				DF1234574 /* FadeComponent.swift */,
				DF1234575 /* ScrollComponent.swift */,
			);
			path = Components;
			sourceTree = "<group>";
		};
		DF4515132D05101C005AFB45 /* Modules */ = {
			isa = PBXGroup;
			children = (
				DFD632BC2D056AEE0092D46B /* AetherParticles */,
				DF4515162D05101C005AFB45 /* PulsarSymphony */,
			);
			path = Modules;
			sourceTree = "<group>";
		};
		DF4515142D05101C005AFB45 /* Spaces */ = {
			isa = PBXGroup;
			children = (
				DF1234583 /* WelcomeSpace.swift */,
			);
			path = Spaces;
			sourceTree = "<group>";
		};
		DF4515152D05101C005AFB45 /* Preview Content */ = {
			isa = PBXGroup;
			children = (
				DF1234584 /* PreviewMocks.swift */,
			);
			path = "Preview Content";
			sourceTree = "<group>";
		};
		DF4515162D05101C005AFB45 /* PulsarSymphony */ = {
			isa = PBXGroup;
			children = (
				DF4515172D05101C005AFB45 /* Models */,
				DF4515182D05101C005AFB45 /* Services */,
			);
			path = PulsarSymphony;
			sourceTree = "<group>";
		};
		DF4515172D05101C005AFB45 /* Models */ = {
			isa = PBXGroup;
			children = (
				DF1234576 /* MusicKitWrappers.swift */,
			);
			path = Models;
			sourceTree = "<group>";
		};
		DF4515182D05101C005AFB45 /* Services */ = {
			isa = PBXGroup;
			children = (
				DF1234577 /* PulsarSymphony+Debug.swift */,
				DF1234578 /* PulsarSymphony+Subscription.swift */,
				DF1234580 /* PulsarSymphony+Albums.swift */,
				DF1234581 /* PulsarSymphony.swift */,
				DF1234582 /* PulsarSymphony+Pagination.swift */,
			);
			path = Services;
			sourceTree = "<group>";
		};
		DFD632BC2D056AEE0092D46B /* AetherParticles */ = {
			isa = PBXGroup;
			children = (
				DFD632C32D056B350092D46B /* Core */,
				DFD632CD2D056B350092D46B /* Effects */,
			);
			path = AetherParticles;
			sourceTree = "<group>";
		};
		DFD632BE2D056B350092D46B /* System */ = {
			isa = PBXGroup;
			children = (
				DFD632BD2D056B350092D46B /* AetherSystem.swift */,
				DFD632E12D056B350092D46B /* PulseSystem.swift */,
				DFD632E32D056B350092D46B /* PulseComponent.swift */,
				DFD632E52D056B350092D46B /* NexusSystem.swift */,
				DFD632E72D056B350092D46B /* PulseConfiguration.swift */,
				DFD632E92D056B350092D46B /* NexusComponent.swift */,
			);
			path = System;
			sourceTree = "<group>";
		};
		DFD632C32D056B350092D46B /* Core */ = {
			isa = PBXGroup;
			children = (
				DFD632BE2D056B350092D46B /* System */,
				DFD632BF2D056B350092D46B /* AetherParticles.swift */,
				DFD632C02D056B350092D46B /* AetherParticlesView.swift */,
				DFD632C22D056B350092D46B /* AetherParticleTypes.swift */,
			);
			path = Core;
			sourceTree = "<group>";
		};
		DFD632C52D056B350092D46B /* AetherAnimations */ = {
			isa = PBXGroup;
			children = (
				DFD632C42D056B350092D46B /* AetherWelcomeAnimation.swift */,
			);
			path = AetherAnimations;
			sourceTree = "<group>";
		};
		DFD632CC2D056B350092D46B /* AetherPresets */ = {
			isa = PBXGroup;
			children = (
				DFD632C62D056B350092D46B /* AetherFirefliesEffect.swift */,
				DFD632C72D056B350092D46B /* AetherGalaxyEffect.swift */,
				DFD632C82D056B350092D46B /* AetherGalaxySplitEffect.swift */,
				DFD632C92D056B350092D46B /* AetherRainEffect.swift */,
				DFD632CA2D056B350092D46B /* AetherSmokeEffect.swift */,
				DFD632CB2D056B350092D46B /* AetherSparklesEffect.swift */,
			);
			path = AetherPresets;
			sourceTree = "<group>";
		};
		DFD632CD2D056B350092D46B /* Effects */ = {
			isa = PBXGroup;
			children = (
				DFD632DD2D058A2F0092D46B /* AetherVisualizers */,
				DFD632C52D056B350092D46B /* AetherAnimations */,
				DFD632CC2D056B350092D46B /* AetherPresets */,
			);
			path = Effects;
			sourceTree = "<group>";
		};
		DFD632DD2D058A2F0092D46B /* AetherVisualizers */ = {
			isa = PBXGroup;
			children = (
			);
			path = AetherVisualizers;
			sourceTree = "<group>";
		};
/* End PBXGroup section */

/* Begin PBXNativeTarget section */
		DF4515052D05101C005AFB45 /* Vibes */ = {
			isa = PBXNativeTarget;
			buildConfigurationList = DF45151E2D05101E005AFB45 /* Build configuration list for PBXNativeTarget "Vibes" */;
			buildPhases = (
				DF4515022D05101C005AFB45 /* Sources */,
				DF4515032D05101C005AFB45 /* Frameworks */,
				DF4515042D05101C005AFB45 /* Resources */,
			);
			buildRules = (
			);
			dependencies = (
			);
			name = Vibes;
			packageProductDependencies = (
				DF45150B2D05101C005AFB45 /* RealityKitContent */,
				DFD632DB2D0576F60092D46B /* RealityKitContent */,
			);
			productName = Vibes;
			productReference = DF4515062D05101C005AFB45 /* Vibes.app */;
			productType = "com.apple.product-type.application";
		};
/* End PBXNativeTarget section */

/* Begin PBXProject section */
		DF4514FE2D05101C005AFB45 /* Project object */ = {
			isa = PBXProject;
			attributes = {
				BuildIndependentTargetsInParallel = 1;
				LastSwiftUpdateCheck = 1610;
				LastUpgradeCheck = 1610;
				TargetAttributes = {
					DF4515052D05101C005AFB45 = {
						CreatedOnToolsVersion = 16.1;
					};
				};
			};
			buildConfigurationList = DF4515012D05101C005AFB45 /* Build configuration list for PBXProject "Vibes" */;
			developmentRegion = en;
			hasScannedForEncodings = 0;
			knownRegions = (
				en,
				Base,
			);
			mainGroup = DF4514FD2D05101C005AFB45;
			minimizedProjectReferenceProxies = 1;
			packageReferences = (
				DFD632DA2D0576F60092D46B /* XCLocalSwiftPackageReference "Packages/RealityKitContent" */,
			);
			preferredProjectObjectVersion = 77;
			productRefGroup = DF4515072D05101C005AFB45 /* Products */;
			projectDirPath = "";
			projectRoot = "";
			targets = (
				DF4515052D05101C005AFB45 /* Vibes */,
			);
		};
/* End PBXProject section */

/* Begin PBXResourcesBuildPhase section */
		DF4515042D05101C005AFB45 /* Resources */ = {
			isa = PBXResourcesBuildPhase;
			buildActionMask = 2147483647;
			files = (
			);
			runOnlyForDeploymentPostprocessing = 0;
		};
/* End PBXResourcesBuildPhase section */

/* Begin PBXSourcesBuildPhase section */
		DF4515022D05101C005AFB45 /* Sources */ = {
			isa = PBXSourcesBuildPhase;
			buildActionMask = 2147483647;
			files = (
				DF1234561B /* VibesApp.swift in Sources */,
				DF1234562B /* AlbumDetailView.swift in Sources */,
				DF1234563B /* AuthorizationView.swift in Sources */,
				DF1234564B /* WelcomeView.swift in Sources */,
				DF1234565B /* ImmersiveView.swift in Sources */,
				DF1234566B /* Gallery.swift in Sources */,
				DFD632CE2D056B350092D46B /* AetherSmokeEffect.swift in Sources */,
				DFD632CF2D056B350092D46B /* AetherSparklesEffect.swift in Sources */,
				DFD632D02D056B350092D46B /* AetherParticles.swift in Sources */,
				DFD632D12D056B350092D46B /* AetherFirefliesEffect.swift in Sources */,
				DFD632D22D056B350092D46B /* AetherSystem.swift in Sources */,
				DFD632D32D056B350092D46B /* AetherGalaxySplitEffect.swift in Sources */,
				DFD632D42D056B350092D46B /* AetherRainEffect.swift in Sources */,
				DFD632D62D056B350092D46B /* AetherParticleTypes.swift in Sources */,
				DFD632D72D056B350092D46B /* AetherParticlesView.swift in Sources */,
				DFD632D82D056B350092D46B /* AetherWelcomeAnimation.swift in Sources */,
				DFD632D92D056B350092D46B /* AetherGalaxyEffect.swift in Sources */,
				DF1234567B /* ContentView.swift in Sources */,
				DF1234568B /* LoadingView.swift in Sources */,
				DF1234569B /* AlbumModels.swift in Sources */,
				DF1234570B /* ImmersiveSpaceState.swift in Sources */,
				DF1234571B /* AudioAnalyzer.swift in Sources */,
				DF1234574B /* FadeComponent.swift in Sources */,
				DF1234575B /* ScrollComponent.swift in Sources */,
				DF1234576B /* MusicKitWrappers.swift in Sources */,
				DF1234577B /* PulsarSymphony+Debug.swift in Sources */,
				DF1234578B /* PulsarSymphony+Subscription.swift in Sources */,
				DF1234580B /* PulsarSymphony+Albums.swift in Sources */,
				DF1234581B /* PulsarSymphony.swift in Sources */,
				DF1234582B /* PulsarSymphony+Pagination.swift in Sources */,
				DF1234583B /* WelcomeSpace.swift in Sources */,
				DF1234584B /* PreviewMocks.swift in Sources */,
				DFD632E02D056B350092D46B /* PulseSystem.swift in Sources */,
				DFD632E22D056B350092D46B /* PulseComponent.swift in Sources */,
				DFD632E42D056B350092D46B /* NexusSystem.swift in Sources */,
				DFD632E62D056B350092D46B /* PulseConfiguration.swift in Sources */,
				DFD632E82D056B350092D46B /* NexusComponent.swift in Sources */,
			);
			runOnlyForDeploymentPostprocessing = 0;
		};
/* End PBXSourcesBuildPhase section */

/* Begin XCBuildConfiguration section */
		DF45151F2D05101E005AFB45 /* Debug */ = {
			isa = XCBuildConfiguration;
			buildSettings = {
				ASSETCATALOG_COMPILER_APPICON_NAME = AppIcon;
				ASSETCATALOG_COMPILER_GLOBAL_ACCENT_COLOR_NAME = AccentColor;
				CODE_SIGN_STYLE = Automatic;
				CURRENT_PROJECT_VERSION = 1;
				DEVELOPMENT_ASSET_PATHS = "\"Vibes/Preview Content\"";
				DEVELOPMENT_TEAM = AS9PH6XDN4;
				ENABLE_PREVIEWS = YES;
				GENERATE_INFOPLIST_FILE = NO;
				INFOPLIST_FILE = Vibes/Info.plist;
				LD_RUNPATH_SEARCH_PATHS = (
					"$(inherited)",
					"@executable_path/Frameworks",
				);
				MARKETING_VERSION = 1.0;
				PRODUCT_BUNDLE_IDENTIFIER = com.joshuajones.Vibes;
				PRODUCT_NAME = "$(TARGET_NAME)";
				SUPPORTED_PLATFORMS = "xros xrsimulator";
				SWIFT_EMIT_LOC_STRINGS = YES;
				SWIFT_VERSION = 5.0;
				TARGETED_DEVICE_FAMILY = 7;
			};
			name = Debug;
		};
		DF4515202D05101E005AFB45 /* Release */ = {
			isa = XCBuildConfiguration;
			buildSettings = {
				ASSETCATALOG_COMPILER_APPICON_NAME = AppIcon;
				ASSETCATALOG_COMPILER_GLOBAL_ACCENT_COLOR_NAME = AccentColor;
				CODE_SIGN_STYLE = Automatic;
				CURRENT_PROJECT_VERSION = 1;
				DEVELOPMENT_ASSET_PATHS = "\"Vibes/Preview Content\"";
				DEVELOPMENT_TEAM = AS9PH6XDN4;
				ENABLE_PREVIEWS = YES;
				GENERATE_INFOPLIST_FILE = NO;
				INFOPLIST_FILE = Vibes/Info.plist;
				LD_RUNPATH_SEARCH_PATHS = (
					"$(inherited)",
					"@executable_path/Frameworks",
				);
				MARKETING_VERSION = 1.0;
				PRODUCT_BUNDLE_IDENTIFIER = com.joshuajones.Vibes;
				PRODUCT_NAME = "$(TARGET_NAME)";
				SUPPORTED_PLATFORMS = "xros xrsimulator";
				SWIFT_EMIT_LOC_STRINGS = YES;
				SWIFT_VERSION = 5.0;
				TARGETED_DEVICE_FAMILY = 7;
			};
			name = Release;
		};
		DF4515212D05101E005AFB45 /* Debug */ = {
			isa = XCBuildConfiguration;
			buildSettings = {
				ALWAYS_SEARCH_USER_PATHS = NO;
				ASSETCATALOG_COMPILER_GENERATE_SWIFT_ASSET_SYMBOL_EXTENSIONS = YES;
				CLANG_ANALYZER_NONNULL = YES;
				CLANG_ANALYZER_NUMBER_OBJECT_CONVERSION = YES_AGGRESSIVE;
				CLANG_CXX_LANGUAGE_STANDARD = "gnu++20";
				CLANG_ENABLE_MODULES = YES;
				CLANG_ENABLE_OBJC_ARC = YES;
				CLANG_ENABLE_OBJC_WEAK = YES;
				CLANG_WARN_BLOCK_CAPTURE_AUTORELEASING = YES;
				CLANG_WARN_BOOL_CONVERSION = YES;
				CLANG_WARN_COMMA = YES;
				CLANG_WARN_CONSTANT_CONVERSION = YES;
				CLANG_WARN_DEPRECATED_OBJC_IMPLEMENTATIONS = YES;
				CLANG_WARN_DIRECT_OBJC_ISA_USAGE = YES_ERROR;
				CLANG_WARN_DOCUMENTATION_COMMENTS = YES;
				CLANG_WARN_EMPTY_BODY = YES;
				CLANG_WARN_ENUM_CONVERSION = YES;
				CLANG_WARN_INFINITE_RECURSION = YES;
				CLANG_WARN_INT_CONVERSION = YES;
				CLANG_WARN_NON_LITERAL_NULL_CONVERSION = YES;
				CLANG_WARN_OBJC_IMPLICIT_RETAIN_SELF = YES;
				CLANG_WARN_OBJC_LITERAL_CONVERSION = YES;
				CLANG_WARN_OBJC_ROOT_CLASS = YES_ERROR;
				CLANG_WARN_QUOTED_INCLUDE_IN_FRAMEWORK_HEADER = YES;
				CLANG_WARN_RANGE_LOOP_ANALYSIS = YES;
				CLANG_WARN_STRICT_PROTOTYPES = YES;
				CLANG_WARN_SUSPICIOUS_MOVE = YES;
				CLANG_WARN_UNGUARDED_AVAILABILITY = YES_AGGRESSIVE;
				CLANG_WARN_UNREACHABLE_CODE = YES;
				CLANG_WARN__DUPLICATE_METHOD_MATCH = YES;
				COPY_PHASE_STRIP = NO;
				DEBUG_INFORMATION_FORMAT = dwarf;
				ENABLE_STRICT_OBJC_MSGSEND = YES;
				ENABLE_TESTABILITY = YES;
				ENABLE_USER_SCRIPT_SANDBOXING = YES;
				GCC_C_LANGUAGE_STANDARD = gnu17;
				GCC_DYNAMIC_NO_PIC = NO;
				GCC_NO_COMMON_BLOCKS = YES;
				GCC_OPTIMIZATION_LEVEL = 0;
				GCC_PREPROCESSOR_DEFINITIONS = (
					"DEBUG=1",
					"$(inherited)",
				);
				GCC_WARN_64_TO_32_BIT_CONVERSION = YES;
				GCC_WARN_ABOUT_RETURN_TYPE = YES_ERROR;
				GCC_WARN_UNDECLARED_SELECTOR = YES;
				GCC_WARN_UNINITIALIZED_AUTOS = YES_AGGRESSIVE;
				GCC_WARN_UNUSED_FUNCTION = YES;
				GCC_WARN_UNUSED_VARIABLE = YES;
				LOCALIZATION_PREFERS_STRING_CATALOGS = YES;
				MTL_ENABLE_DEBUG_INFO = INCLUDE_SOURCE;
				MTL_FAST_MATH = YES;
				ONLY_ACTIVE_ARCH = YES;
				SDKROOT = xros;
				SWIFT_ACTIVE_COMPILATION_CONDITIONS = "DEBUG $(inherited)";
				SWIFT_OPTIMIZATION_LEVEL = "-Onone";
				XROS_DEPLOYMENT_TARGET = 2.1;
			};
			name = Debug;
		};
		DF4515222D05101E005AFB45 /* Release */ = {
			isa = XCBuildConfiguration;
			buildSettings = {
				ALWAYS_SEARCH_USER_PATHS = NO;
				ASSETCATALOG_COMPILER_GENERATE_SWIFT_ASSET_SYMBOL_EXTENSIONS = YES;
				CLANG_ANALYZER_NONNULL = YES;
				CLANG_ANALYZER_NUMBER_OBJECT_CONVERSION = YES_AGGRESSIVE;
				CLANG_CXX_LANGUAGE_STANDARD = "gnu++20";
				CLANG_ENABLE_MODULES = YES;
				CLANG_ENABLE_OBJC_ARC = YES;
				CLANG_ENABLE_OBJC_WEAK = YES;
				CLANG_WARN_BLOCK_CAPTURE_AUTORELEASING = YES;
				CLANG_WARN_BOOL_CONVERSION = YES;
				CLANG_WARN_COMMA = YES;
				CLANG_WARN_CONSTANT_CONVERSION = YES;
				CLANG_WARN_DEPRECATED_OBJC_IMPLEMENTATIONS = YES;
				CLANG_WARN_DIRECT_OBJC_ISA_USAGE = YES_ERROR;
				CLANG_WARN_DOCUMENTATION_COMMENTS = YES;
				CLANG_WARN_EMPTY_BODY = YES;
				CLANG_WARN_ENUM_CONVERSION = YES;
				CLANG_WARN_INFINITE_RECURSION = YES;
				CLANG_WARN_INT_CONVERSION = YES;
				CLANG_WARN_NON_LITERAL_NULL_CONVERSION = YES;
				CLANG_WARN_OBJC_IMPLICIT_RETAIN_SELF = YES;
				CLANG_WARN_OBJC_LITERAL_CONVERSION = YES;
				CLANG_WARN_OBJC_ROOT_CLASS = YES_ERROR;
				CLANG_WARN_QUOTED_INCLUDE_IN_FRAMEWORK_HEADER = YES;
				CLANG_WARN_RANGE_LOOP_ANALYSIS = YES;
				CLANG_WARN_STRICT_PROTOTYPES = YES;
				CLANG_WARN_SUSPICIOUS_MOVE = YES;
				CLANG_WARN_UNGUARDED_AVAILABILITY = YES_AGGRESSIVE;
				CLANG_WARN_UNREACHABLE_CODE = YES;
				CLANG_WARN__DUPLICATE_METHOD_MATCH = YES;
				COPY_PHASE_STRIP = NO;
				DEBUG_INFORMATION_FORMAT = "dwarf-with-dsym";
				ENABLE_NS_ASSERTIONS = NO;
				ENABLE_STRICT_OBJC_MSGSEND = YES;
				ENABLE_USER_SCRIPT_SANDBOXING = YES;
				GCC_C_LANGUAGE_STANDARD = gnu17;
				GCC_NO_COMMON_BLOCKS = YES;
				GCC_WARN_64_TO_32_BIT_CONVERSION = YES;
				GCC_WARN_ABOUT_RETURN_TYPE = YES_ERROR;
				GCC_WARN_UNDECLARED_SELECTOR = YES;
				GCC_WARN_UNINITIALIZED_AUTOS = YES_AGGRESSIVE;
				GCC_WARN_UNUSED_FUNCTION = YES;
				GCC_WARN_UNUSED_VARIABLE = YES;
				LOCALIZATION_PREFERS_STRING_CATALOGS = YES;
				MTL_ENABLE_DEBUG_INFO = NO;
				MTL_FAST_MATH = YES;
				SDKROOT = xros;
				SWIFT_COMPILATION_MODE = wholemodule;
				VALIDATE_PRODUCT = YES;
				XROS_DEPLOYMENT_TARGET = 2.1;
			};
			name = Release;
		};
/* End XCBuildConfiguration section */

/* Begin XCConfigurationList section */
		DF4515012D05101C005AFB45 /* Build configuration list for PBXProject "Vibes" */ = {
			isa = XCConfigurationList;
			buildConfigurations = (
				DF4515212D05101E005AFB45 /* Debug */,
				DF4515222D05101E005AFB45 /* Release */,
			);
			defaultConfigurationIsVisible = 0;
			defaultConfigurationName = Release;
		};
		DF45151E2D05101E005AFB45 /* Build configuration list for PBXNativeTarget "Vibes" */ = {
			isa = XCConfigurationList;
			buildConfigurations = (
				DF45151F2D05101E005AFB45 /* Debug */,
				DF4515202D05101E005AFB45 /* Release */,
			);
			defaultConfigurationIsVisible = 0;
			defaultConfigurationName = Release;
		};
/* End XCConfigurationList section */

/* Begin XCLocalSwiftPackageReference section */
		DFD632DA2D0576F60092D46B /* XCLocalSwiftPackageReference "Packages/RealityKitContent" */ = {
			isa = XCLocalSwiftPackageReference;
			relativePath = Packages/RealityKitContent;
		};
/* End XCLocalSwiftPackageReference section */

/* Begin XCSwiftPackageProductDependency section */
		DF45150B2D05101C005AFB45 /* RealityKitContent */ = {
			isa = XCSwiftPackageProductDependency;
			productName = RealityKitContent;
		};
		DFD632DB2D0576F60092D46B /* RealityKitContent */ = {
			isa = XCSwiftPackageProductDependency;
			productName = RealityKitContent;
		};
/* End XCSwiftPackageProductDependency section */
	};
	rootObject = DF4514FE2D05101C005AFB45 /* Project object */;
}
